// !$*UTF8*$!
{
	archiveVersion = 1;
	classes = {
	};
	objectVersion = 52;
	objects = {

/* Begin PBXBuildFile section */
		25E3E64B25B73D6C004A96FF /* blitzerApp.swift in Sources */ = {isa = PBXBuildFile; fileRef = 25E3E64A25B73D6C004A96FF /* blitzerApp.swift */; };
		25E3E64D25B73D6C004A96FF /* ContentView.swift in Sources */ = {isa = PBXBuildFile; fileRef = 25E3E64C25B73D6C004A96FF /* ContentView.swift */; };
		25E3E64F25B73D6F004A96FF /* Assets.xcassets in Resources */ = {isa = PBXBuildFile; fileRef = 25E3E64E25B73D6F004A96FF /* Assets.xcassets */; };
		25E3E65225B73D6F004A96FF /* Preview Assets.xcassets in Resources */ = {isa = PBXBuildFile; fileRef = 25E3E65125B73D6F004A96FF /* Preview Assets.xcassets */; };
		25E3E65D25B75D55004A96FF /* blitzEngine in Frameworks */ = {isa = PBXBuildFile; productRef = 25E3E65C25B75D55004A96FF /* blitzEngine */; };
		25E3E66425B7846E004A96FF /* SideMenuPrimary.swift in Sources */ = {isa = PBXBuildFile; fileRef = 25E3E66325B7846E004A96FF /* SideMenuPrimary.swift */; };
		25E3E66725B78B35004A96FF /* TopMenuPrimary.swift in Sources */ = {isa = PBXBuildFile; fileRef = 25E3E66625B78B35004A96FF /* TopMenuPrimary.swift */; };
		25E3E66A25B78C91004A96FF /* TopMenuToolTip.swift in Sources */ = {isa = PBXBuildFile; fileRef = 25E3E66925B78C91004A96FF /* TopMenuToolTip.swift */; };
		25E3E66D25B7999F004A96FF /* TopMenuViewCube.swift in Sources */ = {isa = PBXBuildFile; fileRef = 25E3E66C25B7999F004A96FF /* TopMenuViewCube.swift */; };
		25E3E67025B79AF2004A96FF /* BottomMenuPrimary.swift in Sources */ = {isa = PBXBuildFile; fileRef = 25E3E66F25B79AF2004A96FF /* BottomMenuPrimary.swift */; };
		25E3E67325B79BFF004A96FF /* BottomMenuSecondary.swift in Sources */ = {isa = PBXBuildFile; fileRef = 25E3E67225B79BFF004A96FF /* BottomMenuSecondary.swift */; };
/* End PBXBuildFile section */

/* Begin PBXFileReference section */
		25E3E64725B73D6C004A96FF /* blitzer.app */ = {isa = PBXFileReference; explicitFileType = wrapper.application; includeInIndex = 0; path = blitzer.app; sourceTree = BUILT_PRODUCTS_DIR; };
		25E3E64A25B73D6C004A96FF /* blitzerApp.swift */ = {isa = PBXFileReference; lastKnownFileType = sourcecode.swift; path = blitzerApp.swift; sourceTree = "<group>"; };
		25E3E64C25B73D6C004A96FF /* ContentView.swift */ = {isa = PBXFileReference; lastKnownFileType = sourcecode.swift; path = ContentView.swift; sourceTree = "<group>"; };
		25E3E64E25B73D6F004A96FF /* Assets.xcassets */ = {isa = PBXFileReference; lastKnownFileType = folder.assetcatalog; path = Assets.xcassets; sourceTree = "<group>"; };
		25E3E65125B73D6F004A96FF /* Preview Assets.xcassets */ = {isa = PBXFileReference; lastKnownFileType = folder.assetcatalog; path = "Preview Assets.xcassets"; sourceTree = "<group>"; };
		25E3E65325B73D6F004A96FF /* Info.plist */ = {isa = PBXFileReference; lastKnownFileType = text.plist.xml; path = Info.plist; sourceTree = "<group>"; };
		25E3E66325B7846E004A96FF /* SideMenuPrimary.swift */ = {isa = PBXFileReference; lastKnownFileType = sourcecode.swift; path = SideMenuPrimary.swift; sourceTree = "<group>"; };
		25E3E66625B78B35004A96FF /* TopMenuPrimary.swift */ = {isa = PBXFileReference; lastKnownFileType = sourcecode.swift; path = TopMenuPrimary.swift; sourceTree = "<group>"; };
		25E3E66925B78C91004A96FF /* TopMenuToolTip.swift */ = {isa = PBXFileReference; lastKnownFileType = sourcecode.swift; path = TopMenuToolTip.swift; sourceTree = "<group>"; };
		25E3E66C25B7999F004A96FF /* TopMenuViewCube.swift */ = {isa = PBXFileReference; lastKnownFileType = sourcecode.swift; path = TopMenuViewCube.swift; sourceTree = "<group>"; };
		25E3E66F25B79AF2004A96FF /* BottomMenuPrimary.swift */ = {isa = PBXFileReference; lastKnownFileType = sourcecode.swift; path = BottomMenuPrimary.swift; sourceTree = "<group>"; };
		25E3E67225B79BFF004A96FF /* BottomMenuSecondary.swift */ = {isa = PBXFileReference; lastKnownFileType = sourcecode.swift; path = BottomMenuSecondary.swift; sourceTree = "<group>"; };
/* End PBXFileReference section */

/* Begin PBXFrameworksBuildPhase section */
		25E3E64425B73D6C004A96FF /* Frameworks */ = {
			isa = PBXFrameworksBuildPhase;
			buildActionMask = 2147483647;
			files = (
				25E3E65D25B75D55004A96FF /* blitzEngine in Frameworks */,
			);
			runOnlyForDeploymentPostprocessing = 0;
		};
/* End PBXFrameworksBuildPhase section */

/* Begin PBXGroup section */
		25E3E63E25B73D6B004A96FF = {
			isa = PBXGroup;
			children = (
				25E3E64925B73D6C004A96FF /* blitzer */,
				25E3E64825B73D6C004A96FF /* Products */,
			);
			sourceTree = "<group>";
		};
		25E3E64825B73D6C004A96FF /* Products */ = {
			isa = PBXGroup;
			children = (
				25E3E64725B73D6C004A96FF /* blitzer.app */,
			);
			name = Products;
			sourceTree = "<group>";
		};
		25E3E64925B73D6C004A96FF /* blitzer */ = {
			isa = PBXGroup;
			children = (
				25E3E64A25B73D6C004A96FF /* blitzerApp.swift */,
				25E3E64C25B73D6C004A96FF /* ContentView.swift */,
				25E3E66325B7846E004A96FF /* SideMenuPrimary.swift */,
				25E3E66625B78B35004A96FF /* TopMenuPrimary.swift */,
				25E3E66F25B79AF2004A96FF /* BottomMenuPrimary.swift */,
				25E3E67225B79BFF004A96FF /* BottomMenuSecondary.swift */,
				25E3E66925B78C91004A96FF /* TopMenuToolTip.swift */,
				25E3E66C25B7999F004A96FF /* TopMenuViewCube.swift */,
				25E3E64E25B73D6F004A96FF /* Assets.xcassets */,
				25E3E65325B73D6F004A96FF /* Info.plist */,
				25E3E65025B73D6F004A96FF /* Preview Content */,
			);
			path = blitzer;
			sourceTree = "<group>";
		};
		25E3E65025B73D6F004A96FF /* Preview Content */ = {
			isa = PBXGroup;
			children = (
				25E3E65125B73D6F004A96FF /* Preview Assets.xcassets */,
			);
			path = "Preview Content";
			sourceTree = "<group>";
		};
/* End PBXGroup section */

/* Begin PBXNativeTarget section */
		25E3E64625B73D6C004A96FF /* blitzer */ = {
			isa = PBXNativeTarget;
			buildConfigurationList = 25E3E65625B73D6F004A96FF /* Build configuration list for PBXNativeTarget "blitzer" */;
			buildPhases = (
				25E3E64325B73D6C004A96FF /* Sources */,
				25E3E64425B73D6C004A96FF /* Frameworks */,
				25E3E64525B73D6C004A96FF /* Resources */,
			);
			buildRules = (
			);
			dependencies = (
			);
			name = blitzer;
			packageProductDependencies = (
				25E3E65C25B75D55004A96FF /* blitzEngine */,
			);
			productName = blitzer;
			productReference = 25E3E64725B73D6C004A96FF /* blitzer.app */;
			productType = "com.apple.product-type.application";
		};
/* End PBXNativeTarget section */

/* Begin PBXProject section */
		25E3E63F25B73D6B004A96FF /* Project object */ = {
			isa = PBXProject;
			attributes = {
				LastSwiftUpdateCheck = 1230;
				LastUpgradeCheck = 1230;
				TargetAttributes = {
					25E3E64625B73D6C004A96FF = {
						CreatedOnToolsVersion = 12.3;
					};
				};
			};
			buildConfigurationList = 25E3E64225B73D6B004A96FF /* Build configuration list for PBXProject "blitzer" */;
			compatibilityVersion = "Xcode 9.3";
			developmentRegion = en;
			hasScannedForEncodings = 0;
			knownRegions = (
				en,
				Base,
			);
			mainGroup = 25E3E63E25B73D6B004A96FF;
			packageReferences = (
				25E3E65B25B75D55004A96FF /* XCRemoteSwiftPackageReference "blitzEngine" */,
			);
			productRefGroup = 25E3E64825B73D6C004A96FF /* Products */;
			projectDirPath = "";
			projectRoot = "";
			targets = (
				25E3E64625B73D6C004A96FF /* blitzer */,
			);
		};
/* End PBXProject section */

/* Begin PBXResourcesBuildPhase section */
		25E3E64525B73D6C004A96FF /* Resources */ = {
			isa = PBXResourcesBuildPhase;
			buildActionMask = 2147483647;
			files = (
				25E3E65225B73D6F004A96FF /* Preview Assets.xcassets in Resources */,
				25E3E64F25B73D6F004A96FF /* Assets.xcassets in Resources */,
			);
			runOnlyForDeploymentPostprocessing = 0;
		};
/* End PBXResourcesBuildPhase section */

/* Begin PBXSourcesBuildPhase section */
		25E3E64325B73D6C004A96FF /* Sources */ = {
			isa = PBXSourcesBuildPhase;
			buildActionMask = 2147483647;
			files = (
				25E3E64D25B73D6C004A96FF /* ContentView.swift in Sources */,
				25E3E66425B7846E004A96FF /* SideMenuPrimary.swift in Sources */,
				25E3E64B25B73D6C004A96FF /* blitzerApp.swift in Sources */,
				25E3E66A25B78C91004A96FF /* TopMenuToolTip.swift in Sources */,
				25E3E67025B79AF2004A96FF /* BottomMenuPrimary.swift in Sources */,
				25E3E66D25B7999F004A96FF /* TopMenuViewCube.swift in Sources */,
				25E3E67325B79BFF004A96FF /* BottomMenuSecondary.swift in Sources */,
				25E3E66725B78B35004A96FF /* TopMenuPrimary.swift in Sources */,
			);
			runOnlyForDeploymentPostprocessing = 0;
		};
/* End PBXSourcesBuildPhase section */

/* Begin XCBuildConfiguration section */
		25E3E65425B73D6F004A96FF /* Debug */ = {
			isa = XCBuildConfiguration;
			buildSettings = {
				ALWAYS_SEARCH_USER_PATHS = NO;
				CLANG_ANALYZER_NONNULL = YES;
				CLANG_ANALYZER_NUMBER_OBJECT_CONVERSION = YES_AGGRESSIVE;
				CLANG_CXX_LANGUAGE_STANDARD = "gnu++14";
				CLANG_CXX_LIBRARY = "libc++";
				CLANG_ENABLE_MODULES = YES;
				CLANG_ENABLE_OBJC_ARC = YES;
				CLANG_ENABLE_OBJC_WEAK = YES;
				CLANG_WARN_BLOCK_CAPTURE_AUTORELEASING = YES;
				CLANG_WARN_BOOL_CONVERSION = YES;
				CLANG_WARN_COMMA = YES;
				CLANG_WARN_CONSTANT_CONVERSION = YES;
				CLANG_WARN_DEPRECATED_OBJC_IMPLEMENTATIONS = YES;
				CLANG_WARN_DIRECT_OBJC_ISA_USAGE = YES_ERROR;
				CLANG_WARN_DOCUMENTATION_COMMENTS = YES;
				CLANG_WARN_EMPTY_BODY = YES;
				CLANG_WARN_ENUM_CONVERSION = YES;
				CLANG_WARN_INFINITE_RECURSION = YES;
				CLANG_WARN_INT_CONVERSION = YES;
				CLANG_WARN_NON_LITERAL_NULL_CONVERSION = YES;
				CLANG_WARN_OBJC_IMPLICIT_RETAIN_SELF = YES;
				CLANG_WARN_OBJC_LITERAL_CONVERSION = YES;
				CLANG_WARN_OBJC_ROOT_CLASS = YES_ERROR;
				CLANG_WARN_QUOTED_INCLUDE_IN_FRAMEWORK_HEADER = YES;
				CLANG_WARN_RANGE_LOOP_ANALYSIS = YES;
				CLANG_WARN_STRICT_PROTOTYPES = YES;
				CLANG_WARN_SUSPICIOUS_MOVE = YES;
				CLANG_WARN_UNGUARDED_AVAILABILITY = YES_AGGRESSIVE;
				CLANG_WARN_UNREACHABLE_CODE = YES;
				CLANG_WARN__DUPLICATE_METHOD_MATCH = YES;
				COPY_PHASE_STRIP = NO;
				DEBUG_INFORMATION_FORMAT = dwarf;
				ENABLE_STRICT_OBJC_MSGSEND = YES;
				ENABLE_TESTABILITY = YES;
				GCC_C_LANGUAGE_STANDARD = gnu11;
				GCC_DYNAMIC_NO_PIC = NO;
				GCC_NO_COMMON_BLOCKS = YES;
				GCC_OPTIMIZATION_LEVEL = 0;
				GCC_PREPROCESSOR_DEFINITIONS = (
					"DEBUG=1",
					"$(inherited)",
				);
				GCC_WARN_64_TO_32_BIT_CONVERSION = YES;
				GCC_WARN_ABOUT_RETURN_TYPE = YES_ERROR;
				GCC_WARN_UNDECLARED_SELECTOR = YES;
				GCC_WARN_UNINITIALIZED_AUTOS = YES_AGGRESSIVE;
				GCC_WARN_UNUSED_FUNCTION = YES;
				GCC_WARN_UNUSED_VARIABLE = YES;
				IPHONEOS_DEPLOYMENT_TARGET = 14.3;
				MTL_ENABLE_DEBUG_INFO = INCLUDE_SOURCE;
				MTL_FAST_MATH = YES;
				ONLY_ACTIVE_ARCH = YES;
				SDKROOT = iphoneos;
				SWIFT_ACTIVE_COMPILATION_CONDITIONS = DEBUG;
				SWIFT_OPTIMIZATION_LEVEL = "-Onone";
			};
			name = Debug;
		};
		25E3E65525B73D6F004A96FF /* Release */ = {
			isa = XCBuildConfiguration;
			buildSettings = {
				ALWAYS_SEARCH_USER_PATHS = NO;
				CLANG_ANALYZER_NONNULL = YES;
				CLANG_ANALYZER_NUMBER_OBJECT_CONVERSION = YES_AGGRESSIVE;
				CLANG_CXX_LANGUAGE_STANDARD = "gnu++14";
				CLANG_CXX_LIBRARY = "libc++";
				CLANG_ENABLE_MODULES = YES;
				CLANG_ENABLE_OBJC_ARC = YES;
				CLANG_ENABLE_OBJC_WEAK = YES;
				CLANG_WARN_BLOCK_CAPTURE_AUTORELEASING = YES;
				CLANG_WARN_BOOL_CONVERSION = YES;
				CLANG_WARN_COMMA = YES;
				CLANG_WARN_CONSTANT_CONVERSION = YES;
				CLANG_WARN_DEPRECATED_OBJC_IMPLEMENTATIONS = YES;
				CLANG_WARN_DIRECT_OBJC_ISA_USAGE = YES_ERROR;
				CLANG_WARN_DOCUMENTATION_COMMENTS = YES;
				CLANG_WARN_EMPTY_BODY = YES;
				CLANG_WARN_ENUM_CONVERSION = YES;
				CLANG_WARN_INFINITE_RECURSION = YES;
				CLANG_WARN_INT_CONVERSION = YES;
				CLANG_WARN_NON_LITERAL_NULL_CONVERSION = YES;
				CLANG_WARN_OBJC_IMPLICIT_RETAIN_SELF = YES;
				CLANG_WARN_OBJC_LITERAL_CONVERSION = YES;
				CLANG_WARN_OBJC_ROOT_CLASS = YES_ERROR;
				CLANG_WARN_QUOTED_INCLUDE_IN_FRAMEWORK_HEADER = YES;
				CLANG_WARN_RANGE_LOOP_ANALYSIS = YES;
				CLANG_WARN_STRICT_PROTOTYPES = YES;
				CLANG_WARN_SUSPICIOUS_MOVE = YES;
				CLANG_WARN_UNGUARDED_AVAILABILITY = YES_AGGRESSIVE;
				CLANG_WARN_UNREACHABLE_CODE = YES;
				CLANG_WARN__DUPLICATE_METHOD_MATCH = YES;
				COPY_PHASE_STRIP = NO;
				DEBUG_INFORMATION_FORMAT = "dwarf-with-dsym";
				ENABLE_NS_ASSERTIONS = NO;
				ENABLE_STRICT_OBJC_MSGSEND = YES;
				GCC_C_LANGUAGE_STANDARD = gnu11;
				GCC_NO_COMMON_BLOCKS = YES;
				GCC_WARN_64_TO_32_BIT_CONVERSION = YES;
				GCC_WARN_ABOUT_RETURN_TYPE = YES_ERROR;
				GCC_WARN_UNDECLARED_SELECTOR = YES;
				GCC_WARN_UNINITIALIZED_AUTOS = YES_AGGRESSIVE;
				GCC_WARN_UNUSED_FUNCTION = YES;
				GCC_WARN_UNUSED_VARIABLE = YES;
				IPHONEOS_DEPLOYMENT_TARGET = 14.3;
				MTL_ENABLE_DEBUG_INFO = NO;
				MTL_FAST_MATH = YES;
				SDKROOT = iphoneos;
				SWIFT_COMPILATION_MODE = wholemodule;
				SWIFT_OPTIMIZATION_LEVEL = "-O";
				VALIDATE_PRODUCT = YES;
			};
			name = Release;
		};
		25E3E65725B73D6F004A96FF /* Debug */ = {
			isa = XCBuildConfiguration;
			buildSettings = {
				ASSETCATALOG_COMPILER_APPICON_NAME = AppIcon;
				ASSETCATALOG_COMPILER_GLOBAL_ACCENT_COLOR_NAME = AccentColor;
				CODE_SIGN_STYLE = Automatic;
				DEVELOPMENT_ASSET_PATHS = "\"blitzer/Preview Content\"";
				ENABLE_PREVIEWS = YES;
				INFOPLIST_FILE = blitzer/Info.plist;
				IPHONEOS_DEPLOYMENT_TARGET = 14.0;
				LD_RUNPATH_SEARCH_PATHS = (
					"$(inherited)",
					"@executable_path/Frameworks",
				);
				PRODUCT_BUNDLE_IDENTIFIER = com.labfortyseven.blitzer;
				PRODUCT_NAME = "$(TARGET_NAME)";
				SWIFT_VERSION = 5.0;
				TARGETED_DEVICE_FAMILY = 2;
			};
			name = Debug;
		};
		25E3E65825B73D6F004A96FF /* Release */ = {
			isa = XCBuildConfiguration;
			buildSettings = {
				ASSETCATALOG_COMPILER_APPICON_NAME = AppIcon;
				ASSETCATALOG_COMPILER_GLOBAL_ACCENT_COLOR_NAME = AccentColor;
				CODE_SIGN_STYLE = Automatic;
				DEVELOPMENT_ASSET_PATHS = "\"blitzer/Preview Content\"";
				ENABLE_PREVIEWS = YES;
				INFOPLIST_FILE = blitzer/Info.plist;
				IPHONEOS_DEPLOYMENT_TARGET = 14.0;
				LD_RUNPATH_SEARCH_PATHS = (
					"$(inherited)",
					"@executable_path/Frameworks",
				);
				PRODUCT_BUNDLE_IDENTIFIER = com.labfortyseven.blitzer;
				PRODUCT_NAME = "$(TARGET_NAME)";
				SWIFT_VERSION = 5.0;
				TARGETED_DEVICE_FAMILY = 2;
			};
			name = Release;
		};
/* End XCBuildConfiguration section */

/* Begin XCConfigurationList section */
		25E3E64225B73D6B004A96FF /* Build configuration list for PBXProject "blitzer" */ = {
			isa = XCConfigurationList;
			buildConfigurations = (
				25E3E65425B73D6F004A96FF /* Debug */,
				25E3E65525B73D6F004A96FF /* Release */,
			);
			defaultConfigurationIsVisible = 0;
			defaultConfigurationName = Release;
		};
		25E3E65625B73D6F004A96FF /* Build configuration list for PBXNativeTarget "blitzer" */ = {
			isa = XCConfigurationList;
			buildConfigurations = (
				25E3E65725B73D6F004A96FF /* Debug */,
				25E3E65825B73D6F004A96FF /* Release */,
			);
			defaultConfigurationIsVisible = 0;
			defaultConfigurationName = Release;
		};
/* End XCConfigurationList section */

/* Begin XCRemoteSwiftPackageReference section */
		25E3E65B25B75D55004A96FF /* XCRemoteSwiftPackageReference "blitzEngine" */ = {
			isa = XCRemoteSwiftPackageReference;
			repositoryURL = "https://github.com/medhatriad/blitzEngine.git";
			requirement = {
				branch = dev;
				kind = branch;
			};
		};
/* End XCRemoteSwiftPackageReference section */

/* Begin XCSwiftPackageProductDependency section */
		25E3E65C25B75D55004A96FF /* blitzEngine */ = {
			isa = XCSwiftPackageProductDependency;
			package = 25E3E65B25B75D55004A96FF /* XCRemoteSwiftPackageReference "blitzEngine" */;
			productName = blitzEngine;
		};
/* End XCSwiftPackageProductDependency section */
	};
	rootObject = 25E3E63F25B73D6B004A96FF /* Project object */;
}
